// !$*UTF8*$!
{
	archiveVersion = 1;
	classes = {
	};
	objectVersion = 56;
	objects = {

/* Begin PBXBuildFile section */
		630C2B3D2937989E0068314E /* 뷰의 생명주기.swift in Sources */ = {isa = PBXBuildFile; fileRef = 630C2B3C2937989E0068314E /* 뷰의 생명주기.swift */; };
		630C2B4129387C560068314E /* 함수형 프로그래밍.swift in Sources */ = {isa = PBXBuildFile; fileRef = 630C2B4029387C560068314E /* 함수형 프로그래밍.swift */; };
		630C2B43293888DE0068314E /* git.swift in Sources */ = {isa = PBXBuildFile; fileRef = 630C2B42293888DE0068314E /* git.swift */; };
		630C2B46293890100068314E /* CS.swift in Sources */ = {isa = PBXBuildFile; fileRef = 630C2B45293890100068314E /* CS.swift */; };
		630C2B4829389B690068314E /* MVC, MVP, MVVM.swift in Sources */ = {isa = PBXBuildFile; fileRef = 630C2B4729389B690068314E /* MVC, MVP, MVVM.swift */; };
		630C2B4C293B934B0068314E /* Class vs Struct.swift in Sources */ = {isa = PBXBuildFile; fileRef = 630C2B4B293B934B0068314E /* Class vs Struct.swift */; };
		630C2B50293E321B0068314E /* Optional이란.swift in Sources */ = {isa = PBXBuildFile; fileRef = 630C2B4F293E321B0068314E /* Optional이란.swift */; };
		630C2B52293F369F0068314E /* struct와 class와 enum의 차이.swift in Sources */ = {isa = PBXBuildFile; fileRef = 630C2B51293F369F0068314E /* struct와 class와 enum의 차이.swift */; };
		630C2B54293F37890068314E /* 상태 변화에 따라 다른 동작을 처리하기 위한 앱델리게이트 메서드들을 설명하기.swift in Sources */ = {isa = PBXBuildFile; fileRef = 630C2B53293F37890068314E /* 상태 변화에 따라 다른 동작을 처리하기 위한 앱델리게이트 메서드들을 설명하기.swift */; };
		630C2B56293F92C40068314E /* NSOperationQueue 와 GCD Queue 의 차이점.swift in Sources */ = {isa = PBXBuildFile; fileRef = 630C2B55293F92C40068314E /* NSOperationQueue 와 GCD Queue 의 차이점.swift */; };
		63A1D298293088CA00DC5626 /* 객체지향프로그래밍.swift in Sources */ = {isa = PBXBuildFile; fileRef = 63A1D297293088CA00DC5626 /* 객체지향프로그래밍.swift */; };
		63A1D29A293088DC00DC5626 /* 앱의 생명주기.swift in Sources */ = {isa = PBXBuildFile; fileRef = 63A1D299293088DC00DC5626 /* 앱의 생명주기.swift */; };
		63EAAC8E29321FF300CB2396 /* REST API.swift in Sources */ = {isa = PBXBuildFile; fileRef = 63EAAC8D29321FF300CB2396 /* REST API.swift */; };
/* End PBXBuildFile section */

/* Begin PBXFileReference section */
		630C2B3C2937989E0068314E /* 뷰의 생명주기.swift */ = {isa = PBXFileReference; lastKnownFileType = sourcecode.swift; path = "뷰의 생명주기.swift"; sourceTree = "<group>"; };
		630C2B4029387C560068314E /* 함수형 프로그래밍.swift */ = {isa = PBXFileReference; lastKnownFileType = sourcecode.swift; path = "함수형 프로그래밍.swift"; sourceTree = "<group>"; };
		630C2B42293888DE0068314E /* git.swift */ = {isa = PBXFileReference; lastKnownFileType = sourcecode.swift; path = git.swift; sourceTree = "<group>"; };
		630C2B45293890100068314E /* CS.swift */ = {isa = PBXFileReference; lastKnownFileType = sourcecode.swift; path = CS.swift; sourceTree = "<group>"; };
		630C2B4729389B690068314E /* MVC, MVP, MVVM.swift */ = {isa = PBXFileReference; lastKnownFileType = sourcecode.swift; path = "MVC, MVP, MVVM.swift"; sourceTree = "<group>"; };
		630C2B4B293B934B0068314E /* Class vs Struct.swift */ = {isa = PBXFileReference; lastKnownFileType = sourcecode.swift; path = "Class vs Struct.swift"; sourceTree = "<group>"; };
		630C2B4F293E321B0068314E /* Optional이란.swift */ = {isa = PBXFileReference; lastKnownFileType = sourcecode.swift; path = "Optional이란.swift"; sourceTree = "<group>"; };
		630C2B51293F369F0068314E /* struct와 class와 enum의 차이.swift */ = {isa = PBXFileReference; lastKnownFileType = sourcecode.swift; path = "struct와 class와 enum의 차이.swift"; sourceTree = "<group>"; };
		630C2B53293F37890068314E /* 상태 변화에 따라 다른 동작을 처리하기 위한 앱델리게이트 메서드들을 설명하기.swift */ = {isa = PBXFileReference; lastKnownFileType = sourcecode.swift; path = "상태 변화에 따라 다른 동작을 처리하기 위한 앱델리게이트 메서드들을 설명하기.swift"; sourceTree = "<group>"; };
		630C2B55293F92C40068314E /* NSOperationQueue 와 GCD Queue 의 차이점.swift */ = {isa = PBXFileReference; lastKnownFileType = sourcecode.swift; path = "NSOperationQueue 와 GCD Queue 의 차이점.swift"; sourceTree = "<group>"; };
		63A1D27C2930885700DC5626 /* Interview.app */ = {isa = PBXFileReference; explicitFileType = wrapper.application; includeInIndex = 0; path = Interview.app; sourceTree = BUILT_PRODUCTS_DIR; };
		63A1D297293088CA00DC5626 /* 객체지향프로그래밍.swift */ = {isa = PBXFileReference; lastKnownFileType = sourcecode.swift; path = "객체지향프로그래밍.swift"; sourceTree = "<group>"; };
		63A1D299293088DC00DC5626 /* 앱의 생명주기.swift */ = {isa = PBXFileReference; lastKnownFileType = sourcecode.swift; path = "앱의 생명주기.swift"; sourceTree = "<group>"; };
		63EAAC8D29321FF300CB2396 /* REST API.swift */ = {isa = PBXFileReference; lastKnownFileType = sourcecode.swift; path = "REST API.swift"; sourceTree = "<group>"; };
/* End PBXFileReference section */

/* Begin PBXFrameworksBuildPhase section */
		63A1D2792930885700DC5626 /* Frameworks */ = {
			isa = PBXFrameworksBuildPhase;
			buildActionMask = 2147483647;
			files = (
			);
			runOnlyForDeploymentPostprocessing = 0;
		};
/* End PBXFrameworksBuildPhase section */

/* Begin PBXGroup section */
		630C2B4429388FFB0068314E /* BETA 신입 질문 */ = {
			isa = PBXGroup;
			children = (
				630C2B45293890100068314E /* CS.swift */,
			);
			name = "BETA 신입 질문";
			path = "BETA 신입 질문";
			sourceTree = "<group>";
		};
		63A1D2732930885700DC5626 = {
			isa = PBXGroup;
			children = (
				63A1D27E2930885700DC5626 /* Interview */,
				630C2B4429388FFB0068314E /* BETA 신입 질문 */,
				63A1D27D2930885700DC5626 /* Products */,
			);
			sourceTree = "<group>";
		};
		63A1D27D2930885700DC5626 /* Products */ = {
			isa = PBXGroup;
			children = (
				63A1D27C2930885700DC5626 /* Interview.app */,
			);
			name = Products;
			sourceTree = "<group>";
		};
		63A1D27E2930885700DC5626 /* Interview */ = {
			isa = PBXGroup;
			children = (
				63A1D2942930888B00DC5626 /* CS */,
				63A1D2932930888100DC5626 /* iOS */,
				63A1D2952930889600DC5626 /* Algorithm */,
			);
			path = Interview;
			sourceTree = "<group>";
		};
		63A1D2932930888100DC5626 /* iOS */ = {
			isa = PBXGroup;
			children = (
				63A1D299293088DC00DC5626 /* 앱의 생명주기.swift */,
				630C2B3C2937989E0068314E /* 뷰의 생명주기.swift */,
				630C2B4F293E321B0068314E /* Optional이란.swift */,
				630C2B55293F92C40068314E /* NSOperationQueue 와 GCD Queue 의 차이점.swift */,
			);
			path = iOS;
			sourceTree = "<group>";
		};
		63A1D2942930888B00DC5626 /* CS */ = {
			isa = PBXGroup;
			children = (
				63A1D297293088CA00DC5626 /* 객체지향프로그래밍.swift */,
				63EAAC8D29321FF300CB2396 /* REST API.swift */,
				630C2B4029387C560068314E /* 함수형 프로그래밍.swift */,
				630C2B42293888DE0068314E /* git.swift */,
				630C2B4729389B690068314E /* MVC, MVP, MVVM.swift */,
				630C2B4B293B934B0068314E /* Class vs Struct.swift */,
				630C2B51293F369F0068314E /* struct와 class와 enum의 차이.swift */,
				630C2B53293F37890068314E /* 상태 변화에 따라 다른 동작을 처리하기 위한 앱델리게이트 메서드들을 설명하기.swift */,
			);
			path = CS;
			sourceTree = "<group>";
		};
		63A1D2952930889600DC5626 /* Algorithm */ = {
			isa = PBXGroup;
			children = (
			);
			path = Algorithm;
			sourceTree = "<group>";
		};
/* End PBXGroup section */

/* Begin PBXNativeTarget section */
		63A1D27B2930885700DC5626 /* Interview */ = {
			isa = PBXNativeTarget;
			buildConfigurationList = 63A1D2902930885900DC5626 /* Build configuration list for PBXNativeTarget "Interview" */;
			buildPhases = (
				63A1D2782930885700DC5626 /* Sources */,
				63A1D2792930885700DC5626 /* Frameworks */,
				63A1D27A2930885700DC5626 /* Resources */,
			);
			buildRules = (
			);
			dependencies = (
			);
			name = Interview;
			productName = Interview;
			productReference = 63A1D27C2930885700DC5626 /* Interview.app */;
			productType = "com.apple.product-type.application";
		};
/* End PBXNativeTarget section */

/* Begin PBXProject section */
		63A1D2742930885700DC5626 /* Project object */ = {
			isa = PBXProject;
			attributes = {
				BuildIndependentTargetsInParallel = 1;
				LastSwiftUpdateCheck = 1400;
				LastUpgradeCheck = 1400;
				TargetAttributes = {
					63A1D27B2930885700DC5626 = {
						CreatedOnToolsVersion = 14.0;
						LastSwiftMigration = 1400;
					};
				};
			};
			buildConfigurationList = 63A1D2772930885700DC5626 /* Build configuration list for PBXProject "Interview" */;
			compatibilityVersion = "Xcode 14.0";
			developmentRegion = en;
			hasScannedForEncodings = 0;
			knownRegions = (
				en,
				Base,
			);
			mainGroup = 63A1D2732930885700DC5626;
			productRefGroup = 63A1D27D2930885700DC5626 /* Products */;
			projectDirPath = "";
			projectRoot = "";
			targets = (
				63A1D27B2930885700DC5626 /* Interview */,
			);
		};
/* End PBXProject section */

/* Begin PBXResourcesBuildPhase section */
		63A1D27A2930885700DC5626 /* Resources */ = {
			isa = PBXResourcesBuildPhase;
			buildActionMask = 2147483647;
			files = (
			);
			runOnlyForDeploymentPostprocessing = 0;
		};
/* End PBXResourcesBuildPhase section */

/* Begin PBXSourcesBuildPhase section */
		63A1D2782930885700DC5626 /* Sources */ = {
			isa = PBXSourcesBuildPhase;
			buildActionMask = 2147483647;
			files = (
				63A1D29A293088DC00DC5626 /* 앱의 생명주기.swift in Sources */,
				630C2B4829389B690068314E /* MVC, MVP, MVVM.swift in Sources */,
				630C2B46293890100068314E /* CS.swift in Sources */,
				63EAAC8E29321FF300CB2396 /* REST API.swift in Sources */,
				630C2B43293888DE0068314E /* git.swift in Sources */,
				630C2B3D2937989E0068314E /* 뷰의 생명주기.swift in Sources */,
				630C2B54293F37890068314E /* 상태 변화에 따라 다른 동작을 처리하기 위한 앱델리게이트 메서드들을 설명하기.swift in Sources */,
				630C2B4C293B934B0068314E /* Class vs Struct.swift in Sources */,
				630C2B56293F92C40068314E /* NSOperationQueue 와 GCD Queue 의 차이점.swift in Sources */,
				63A1D298293088CA00DC5626 /* 객체지향프로그래밍.swift in Sources */,
				630C2B52293F369F0068314E /* struct와 class와 enum의 차이.swift in Sources */,
				630C2B4129387C560068314E /* 함수형 프로그래밍.swift in Sources */,
				630C2B50293E321B0068314E /* Optional이란.swift in Sources */,
			);
			runOnlyForDeploymentPostprocessing = 0;
		};
/* End PBXSourcesBuildPhase section */

/* Begin XCBuildConfiguration section */
		63A1D28E2930885900DC5626 /* Debug */ = {
			isa = XCBuildConfiguration;
			buildSettings = {
				ALWAYS_SEARCH_USER_PATHS = NO;
				CLANG_ANALYZER_NONNULL = YES;
				CLANG_ANALYZER_NUMBER_OBJECT_CONVERSION = YES_AGGRESSIVE;
				CLANG_CXX_LANGUAGE_STANDARD = "gnu++20";
				CLANG_ENABLE_MODULES = YES;
				CLANG_ENABLE_OBJC_ARC = YES;
				CLANG_ENABLE_OBJC_WEAK = YES;
				CLANG_WARN_BLOCK_CAPTURE_AUTORELEASING = YES;
				CLANG_WARN_BOOL_CONVERSION = YES;
				CLANG_WARN_COMMA = YES;
				CLANG_WARN_CONSTANT_CONVERSION = YES;
				CLANG_WARN_DEPRECATED_OBJC_IMPLEMENTATIONS = YES;
				CLANG_WARN_DIRECT_OBJC_ISA_USAGE = YES_ERROR;
				CLANG_WARN_DOCUMENTATION_COMMENTS = YES;
				CLANG_WARN_EMPTY_BODY = YES;
				CLANG_WARN_ENUM_CONVERSION = YES;
				CLANG_WARN_INFINITE_RECURSION = YES;
				CLANG_WARN_INT_CONVERSION = YES;
				CLANG_WARN_NON_LITERAL_NULL_CONVERSION = YES;
				CLANG_WARN_OBJC_IMPLICIT_RETAIN_SELF = YES;
				CLANG_WARN_OBJC_LITERAL_CONVERSION = YES;
				CLANG_WARN_OBJC_ROOT_CLASS = YES_ERROR;
				CLANG_WARN_QUOTED_INCLUDE_IN_FRAMEWORK_HEADER = YES;
				CLANG_WARN_RANGE_LOOP_ANALYSIS = YES;
				CLANG_WARN_STRICT_PROTOTYPES = YES;
				CLANG_WARN_SUSPICIOUS_MOVE = YES;
				CLANG_WARN_UNGUARDED_AVAILABILITY = YES_AGGRESSIVE;
				CLANG_WARN_UNREACHABLE_CODE = YES;
				CLANG_WARN__DUPLICATE_METHOD_MATCH = YES;
				COPY_PHASE_STRIP = NO;
				DEBUG_INFORMATION_FORMAT = dwarf;
				ENABLE_STRICT_OBJC_MSGSEND = YES;
				ENABLE_TESTABILITY = YES;
				GCC_C_LANGUAGE_STANDARD = gnu11;
				GCC_DYNAMIC_NO_PIC = NO;
				GCC_NO_COMMON_BLOCKS = YES;
				GCC_OPTIMIZATION_LEVEL = 0;
				GCC_PREPROCESSOR_DEFINITIONS = (
					"DEBUG=1",
					"$(inherited)",
				);
				GCC_WARN_64_TO_32_BIT_CONVERSION = YES;
				GCC_WARN_ABOUT_RETURN_TYPE = YES_ERROR;
				GCC_WARN_UNDECLARED_SELECTOR = YES;
				GCC_WARN_UNINITIALIZED_AUTOS = YES_AGGRESSIVE;
				GCC_WARN_UNUSED_FUNCTION = YES;
				GCC_WARN_UNUSED_VARIABLE = YES;
				IPHONEOS_DEPLOYMENT_TARGET = 16.0;
				MTL_ENABLE_DEBUG_INFO = INCLUDE_SOURCE;
				MTL_FAST_MATH = YES;
				ONLY_ACTIVE_ARCH = YES;
				SDKROOT = iphoneos;
				SWIFT_ACTIVE_COMPILATION_CONDITIONS = DEBUG;
				SWIFT_OPTIMIZATION_LEVEL = "-Onone";
			};
			name = Debug;
		};
		63A1D28F2930885900DC5626 /* Release */ = {
			isa = XCBuildConfiguration;
			buildSettings = {
				ALWAYS_SEARCH_USER_PATHS = NO;
				CLANG_ANALYZER_NONNULL = YES;
				CLANG_ANALYZER_NUMBER_OBJECT_CONVERSION = YES_AGGRESSIVE;
				CLANG_CXX_LANGUAGE_STANDARD = "gnu++20";
				CLANG_ENABLE_MODULES = YES;
				CLANG_ENABLE_OBJC_ARC = YES;
				CLANG_ENABLE_OBJC_WEAK = YES;
				CLANG_WARN_BLOCK_CAPTURE_AUTORELEASING = YES;
				CLANG_WARN_BOOL_CONVERSION = YES;
				CLANG_WARN_COMMA = YES;
				CLANG_WARN_CONSTANT_CONVERSION = YES;
				CLANG_WARN_DEPRECATED_OBJC_IMPLEMENTATIONS = YES;
				CLANG_WARN_DIRECT_OBJC_ISA_USAGE = YES_ERROR;
				CLANG_WARN_DOCUMENTATION_COMMENTS = YES;
				CLANG_WARN_EMPTY_BODY = YES;
				CLANG_WARN_ENUM_CONVERSION = YES;
				CLANG_WARN_INFINITE_RECURSION = YES;
				CLANG_WARN_INT_CONVERSION = YES;
				CLANG_WARN_NON_LITERAL_NULL_CONVERSION = YES;
				CLANG_WARN_OBJC_IMPLICIT_RETAIN_SELF = YES;
				CLANG_WARN_OBJC_LITERAL_CONVERSION = YES;
				CLANG_WARN_OBJC_ROOT_CLASS = YES_ERROR;
				CLANG_WARN_QUOTED_INCLUDE_IN_FRAMEWORK_HEADER = YES;
				CLANG_WARN_RANGE_LOOP_ANALYSIS = YES;
				CLANG_WARN_STRICT_PROTOTYPES = YES;
				CLANG_WARN_SUSPICIOUS_MOVE = YES;
				CLANG_WARN_UNGUARDED_AVAILABILITY = YES_AGGRESSIVE;
				CLANG_WARN_UNREACHABLE_CODE = YES;
				CLANG_WARN__DUPLICATE_METHOD_MATCH = YES;
				COPY_PHASE_STRIP = NO;
				DEBUG_INFORMATION_FORMAT = "dwarf-with-dsym";
				ENABLE_NS_ASSERTIONS = NO;
				ENABLE_STRICT_OBJC_MSGSEND = YES;
				GCC_C_LANGUAGE_STANDARD = gnu11;
				GCC_NO_COMMON_BLOCKS = YES;
				GCC_WARN_64_TO_32_BIT_CONVERSION = YES;
				GCC_WARN_ABOUT_RETURN_TYPE = YES_ERROR;
				GCC_WARN_UNDECLARED_SELECTOR = YES;
				GCC_WARN_UNINITIALIZED_AUTOS = YES_AGGRESSIVE;
				GCC_WARN_UNUSED_FUNCTION = YES;
				GCC_WARN_UNUSED_VARIABLE = YES;
				IPHONEOS_DEPLOYMENT_TARGET = 16.0;
				MTL_ENABLE_DEBUG_INFO = NO;
				MTL_FAST_MATH = YES;
				SDKROOT = iphoneos;
				SWIFT_COMPILATION_MODE = wholemodule;
				SWIFT_OPTIMIZATION_LEVEL = "-O";
				VALIDATE_PRODUCT = YES;
			};
			name = Release;
		};
		63A1D2912930885900DC5626 /* Debug */ = {
			isa = XCBuildConfiguration;
			buildSettings = {
				ASSETCATALOG_COMPILER_APPICON_NAME = AppIcon;
				ASSETCATALOG_COMPILER_GLOBAL_ACCENT_COLOR_NAME = AccentColor;
				CLANG_ENABLE_MODULES = YES;
				CODE_SIGN_STYLE = Automatic;
				CURRENT_PROJECT_VERSION = 1;
				GENERATE_INFOPLIST_FILE = YES;
				INFOPLIST_FILE = Interview/Info.plist;
				INFOPLIST_KEY_UIApplicationSupportsIndirectInputEvents = YES;
				INFOPLIST_KEY_UILaunchStoryboardName = LaunchScreen;
				INFOPLIST_KEY_UIMainStoryboardFile = Main;
				INFOPLIST_KEY_UISupportedInterfaceOrientations_iPad = "UIInterfaceOrientationPortrait UIInterfaceOrientationPortraitUpsideDown UIInterfaceOrientationLandscapeLeft UIInterfaceOrientationLandscapeRight";
				INFOPLIST_KEY_UISupportedInterfaceOrientations_iPhone = "UIInterfaceOrientationPortrait UIInterfaceOrientationLandscapeLeft UIInterfaceOrientationLandscapeRight";
				LD_RUNPATH_SEARCH_PATHS = (
					"$(inherited)",
					"@executable_path/Frameworks",
				);
				MARKETING_VERSION = 1.0;
				PRODUCT_BUNDLE_IDENTIFIER = kr.co.hemg2.Interview;
				PRODUCT_NAME = "$(TARGET_NAME)";
				SWIFT_EMIT_LOC_STRINGS = YES;
				SWIFT_OBJC_BRIDGING_HEADER = "Interview/CS/Interview-Bridging-Header.h";
				SWIFT_OPTIMIZATION_LEVEL = "-Onone";
				SWIFT_VERSION = 5.0;
				TARGETED_DEVICE_FAMILY = "1,2";
			};
			name = Debug;
		};
		63A1D2922930885900DC5626 /* Release */ = {
			isa = XCBuildConfiguration;
			buildSettings = {
				ASSETCATALOG_COMPILER_APPICON_NAME = AppIcon;
				ASSETCATALOG_COMPILER_GLOBAL_ACCENT_COLOR_NAME = AccentColor;
				CLANG_ENABLE_MODULES = YES;
				CODE_SIGN_STYLE = Automatic;
				CURRENT_PROJECT_VERSION = 1;
				GENERATE_INFOPLIST_FILE = YES;
				INFOPLIST_FILE = Interview/Info.plist;
				INFOPLIST_KEY_UIApplicationSupportsIndirectInputEvents = YES;
				INFOPLIST_KEY_UILaunchStoryboardName = LaunchScreen;
				INFOPLIST_KEY_UIMainStoryboardFile = Main;
				INFOPLIST_KEY_UISupportedInterfaceOrientations_iPad = "UIInterfaceOrientationPortrait UIInterfaceOrientationPortraitUpsideDown UIInterfaceOrientationLandscapeLeft UIInterfaceOrientationLandscapeRight";
				INFOPLIST_KEY_UISupportedInterfaceOrientations_iPhone = "UIInterfaceOrientationPortrait UIInterfaceOrientationLandscapeLeft UIInterfaceOrientationLandscapeRight";
				LD_RUNPATH_SEARCH_PATHS = (
					"$(inherited)",
					"@executable_path/Frameworks",
				);
				MARKETING_VERSION = 1.0;
				PRODUCT_BUNDLE_IDENTIFIER = kr.co.hemg2.Interview;
				PRODUCT_NAME = "$(TARGET_NAME)";
				SWIFT_EMIT_LOC_STRINGS = YES;
				SWIFT_OBJC_BRIDGING_HEADER = "Interview/CS/Interview-Bridging-Header.h";
				SWIFT_VERSION = 5.0;
				TARGETED_DEVICE_FAMILY = "1,2";
			};
			name = Release;
		};
/* End XCBuildConfiguration section */

/* Begin XCConfigurationList section */
		63A1D2772930885700DC5626 /* Build configuration list for PBXProject "Interview" */ = {
			isa = XCConfigurationList;
			buildConfigurations = (
				63A1D28E2930885900DC5626 /* Debug */,
				63A1D28F2930885900DC5626 /* Release */,
			);
			defaultConfigurationIsVisible = 0;
			defaultConfigurationName = Release;
		};
		63A1D2902930885900DC5626 /* Build configuration list for PBXNativeTarget "Interview" */ = {
			isa = XCConfigurationList;
			buildConfigurations = (
				63A1D2912930885900DC5626 /* Debug */,
				63A1D2922930885900DC5626 /* Release */,
			);
			defaultConfigurationIsVisible = 0;
			defaultConfigurationName = Release;
		};
/* End XCConfigurationList section */
	};
	rootObject = 63A1D2742930885700DC5626 /* Project object */;
}
